
Microsoft Visual Studio Solution File, Format Version 12.00
# Visual Studio Version 17
VisualStudioVersion = 17.9.34622.214
MinimumVisualStudioVersion = 10.0.40219.1
Project("{9A19103F-16F7-4668-BE54-9A1E7A4F7556}") = "Tea", "Tea\Tea.csproj", "{271D61A7-D68B-4E36-889C-1EA78733DDF8}"
EndProject
Global
	GlobalSection(SolutionConfigurationPlatforms) = preSolution
		Debug|Any CPU = Debug|Any CPU
		Release|Any CPU = Release|Any CPU
	EndGlobalSection
	GlobalSection(ProjectConfigurationPlatforms) = postSolution
		{271D61A7-D68B-4E36-889C-1EA78733DDF8}.Debug|Any CPU.ActiveCfg = Debug|Any CPU
		{271D61A7-D68B-4E36-889C-1EA78733DDF8}.Debug|Any CPU.Build.0 = Debug|Any CPU
		{271D61A7-D68B-4E36-889C-1EA78733DDF8}.Release|Any CPU.ActiveCfg = Release|Any CPU
		{271D61A7-D68B-4E36-889C-1EA78733DDF8}.Release|Any CPU.Build.0 = Release|Any CPU
	EndGlobalSection
	GlobalSection(SolutionProperties) = preSolution
		HideSolutionNode = FALSE
	EndGlobalSection
	GlobalSection(ExtensibilityGlobals) = postSolution
		SolutionGuid = {2A4D8F9B-5379-4B39-9501-C444FA39C768}
	EndGlobalSection
EndGlobal
